// !$*UTF8*$!
{
	archiveVersion = 1;
	classes = {
	};
	objectVersion = 46;
	objects = {

/* Begin PBXBuildFile section */
		0CC8F9331DBF1B7A00EB94CB /* DILog.h in Headers */ = {isa = PBXBuildFile; fileRef = 0CC8F9311DBF1B7A00EB94CB /* DILog.h */; settings = {ATTRIBUTES = (Public, ); }; };
		0CC8F93F1DBF20B400EB94CB /* .gitignore in Resources */ = {isa = PBXBuildFile; fileRef = 0CC8F93E1DBF20B400EB94CB /* .gitignore */; };
/* End PBXBuildFile section */

/* Begin PBXFileReference section */
		0CC8F92E1DBF1B7A00EB94CB /* DILog.framework */ = {isa = PBXFileReference; explicitFileType = wrapper.framework; includeInIndex = 0; path = DILog.framework; sourceTree = BUILT_PRODUCTS_DIR; };
		0CC8F9311DBF1B7A00EB94CB /* DILog.h */ = {isa = PBXFileReference; lastKnownFileType = sourcecode.c.h; path = DILog.h; sourceTree = "<group>"; };
		0CC8F9321DBF1B7A00EB94CB /* Info.plist */ = {isa = PBXFileReference; lastKnownFileType = text.plist.xml; path = Info.plist; sourceTree = "<group>"; };
		0CC8F9391DBF1BF600EB94CB /* XCodeColors.h */ = {isa = PBXFileReference; lastKnownFileType = sourcecode.c.h; path = XCodeColors.h; sourceTree = "<group>"; };
		0CC8F93E1DBF20B400EB94CB /* .gitignore */ = {isa = PBXFileReference; fileEncoding = 4; lastKnownFileType = text; path = .gitignore; sourceTree = "<group>"; };
/* End PBXFileReference section */

/* Begin PBXFrameworksBuildPhase section */
		0CC8F92A1DBF1B7A00EB94CB /* Frameworks */ = {
			isa = PBXFrameworksBuildPhase;
			buildActionMask = 2147483647;
			files = (
			);
			runOnlyForDeploymentPostprocessing = 0;
		};
/* End PBXFrameworksBuildPhase section */

/* Begin PBXGroup section */
		0CC8F9241DBF1B7A00EB94CB = {
			isa = PBXGroup;
			children = (
				0CC8F93E1DBF20B400EB94CB /* .gitignore */,
				0CC8F9301DBF1B7A00EB94CB /* DILog */,
				0CC8F92F1DBF1B7A00EB94CB /* Products */,
			);
			sourceTree = "<group>";
		};
		0CC8F92F1DBF1B7A00EB94CB /* Products */ = {
			isa = PBXGroup;
			children = (
				0CC8F92E1DBF1B7A00EB94CB /* DILog.framework */,
			);
			name = Products;
			sourceTree = "<group>";
		};
		0CC8F9301DBF1B7A00EB94CB /* DILog */ = {
			isa = PBXGroup;
			children = (
				0CC8F9311DBF1B7A00EB94CB /* DILog.h */,
				0CC8F9321DBF1B7A00EB94CB /* Info.plist */,
				0CC8F9391DBF1BF600EB94CB /* XCodeColors.h */,
			);
			path = DILog;
			sourceTree = "<group>";
		};
/* End PBXGroup section */

/* Begin PBXHeadersBuildPhase section */
		0CC8F92B1DBF1B7A00EB94CB /* Headers */ = {
			isa = PBXHeadersBuildPhase;
			buildActionMask = 2147483647;
			files = (
				0CC8F9331DBF1B7A00EB94CB /* DILog.h in Headers */,
			);
			runOnlyForDeploymentPostprocessing = 0;
		};
/* End PBXHeadersBuildPhase section */

/* Begin PBXNativeTarget section */
		0CC8F92D1DBF1B7A00EB94CB /* DILog */ = {
			isa = PBXNativeTarget;
			buildConfigurationList = 0CC8F9361DBF1B7A00EB94CB /* Build configuration list for PBXNativeTarget "DILog" */;
			buildPhases = (
				0CC8F9291DBF1B7A00EB94CB /* Sources */,
				0CC8F92A1DBF1B7A00EB94CB /* Frameworks */,
				0CC8F92B1DBF1B7A00EB94CB /* Headers */,
				0CC8F92C1DBF1B7A00EB94CB /* Resources */,
			);
			buildRules = (
			);
			dependencies = (
			);
			name = DILog;
			productName = DILog;
			productReference = 0CC8F92E1DBF1B7A00EB94CB /* DILog.framework */;
			productType = "com.apple.product-type.framework";
		};
/* End PBXNativeTarget section */

/* Begin PBXProject section */
		0CC8F9251DBF1B7A00EB94CB /* Project object */ = {
			isa = PBXProject;
			attributes = {
				LastUpgradeCheck = 0800;
				ORGANIZATIONNAME = Back;
				TargetAttributes = {
					0CC8F92D1DBF1B7A00EB94CB = {
						CreatedOnToolsVersion = 8.0;
						DevelopmentTeam = 327HWXZY58;
						ProvisioningStyle = Automatic;
					};
				};
			};
			buildConfigurationList = 0CC8F9281DBF1B7A00EB94CB /* Build configuration list for PBXProject "DILog" */;
			compatibilityVersion = "Xcode 3.2";
			developmentRegion = English;
			hasScannedForEncodings = 0;
			knownRegions = (
				en,
			);
			mainGroup = 0CC8F9241DBF1B7A00EB94CB;
			productRefGroup = 0CC8F92F1DBF1B7A00EB94CB /* Products */;
			projectDirPath = "";
			projectRoot = "";
			targets = (
				0CC8F92D1DBF1B7A00EB94CB /* DILog */,
			);
		};
/* End PBXProject section */

/* Begin PBXResourcesBuildPhase section */
		0CC8F92C1DBF1B7A00EB94CB /* Resources */ = {
			isa = PBXResourcesBuildPhase;
			buildActionMask = 2147483647;
			files = (
				0CC8F93F1DBF20B400EB94CB /* .gitignore in Resources */,
			);
			runOnlyForDeploymentPostprocessing = 0;
		};
/* End PBXResourcesBuildPhase section */

/* Begin PBXSourcesBuildPhase section */
		0CC8F9291DBF1B7A00EB94CB /* Sources */ = {
			isa = PBXSourcesBuildPhase;
			buildActionMask = 2147483647;
			files = (
			);
			runOnlyForDeploymentPostprocessing = 0;
		};
/* End PBXSourcesBuildPhase section */

/* Begin XCBuildConfiguration section */
		0CC8F9341DBF1B7A00EB94CB /* Debug */ = {
			isa = XCBuildConfiguration;
			buildSettings = {
				ALWAYS_SEARCH_USER_PATHS = NO;
				CLANG_ANALYZER_NONNULL = YES;
				CLANG_CXX_LANGUAGE_STANDARD = "gnu++0x";
				CLANG_CXX_LIBRARY = "libc++";
				CLANG_ENABLE_MODULES = YES;
				CLANG_ENABLE_OBJC_ARC = YES;
				CLANG_WARN_BOOL_CONVERSION = YES;
				CLANG_WARN_CONSTANT_CONVERSION = YES;
				CLANG_WARN_DIRECT_OBJC_ISA_USAGE = YES_ERROR;
				CLANG_WARN_DOCUMENTATION_COMMENTS = YES;
				CLANG_WARN_EMPTY_BODY = YES;
				CLANG_WARN_ENUM_CONVERSION = YES;
				CLANG_WARN_INFINITE_RECURSION = YES;
				CLANG_WARN_INT_CONVERSION = YES;
				CLANG_WARN_OBJC_ROOT_CLASS = YES_ERROR;
				CLANG_WARN_SUSPICIOUS_MOVES = YES;
				CLANG_WARN_UNREACHABLE_CODE = YES;
				CLANG_WARN__DUPLICATE_METHOD_MATCH = YES;
				"CODE_SIGN_IDENTITY[sdk=iphoneos*]" = "iPhone Developer";
				COPY_PHASE_STRIP = NO;
				CURRENT_PROJECT_VERSION = 1;
				DEBUG_INFORMATION_FORMAT = dwarf;
				ENABLE_STRICT_OBJC_MSGSEND = YES;
				ENABLE_TESTABILITY = YES;
				GCC_C_LANGUAGE_STANDARD = gnu99;
				GCC_DYNAMIC_NO_PIC = NO;
				GCC_NO_COMMON_BLOCKS = YES;
				GCC_OPTIMIZATION_LEVEL = 0;
				GCC_PREPROCESSOR_DEFINITIONS = (
					"DEBUG=1",
					"$(inherited)",
				);
				GCC_WARN_64_TO_32_BIT_CONVERSION = YES;
				GCC_WARN_ABOUT_RETURN_TYPE = YES_ERROR;
				GCC_WARN_UNDECLARED_SELECTOR = YES;
				GCC_WARN_UNINITIALIZED_AUTOS = YES_AGGRESSIVE;
				GCC_WARN_UNUSED_FUNCTION = YES;
				GCC_WARN_UNUSED_VARIABLE = YES;
				IPHONEOS_DEPLOYMENT_TARGET = 10.0;
				MTL_ENABLE_DEBUG_INFO = YES;
				ONLY_ACTIVE_ARCH = YES;
				SDKROOT = iphoneos;
				TARGETED_DEVICE_FAMILY = "1,2";
				VERSIONING_SYSTEM = "apple-generic";
				VERSION_INFO_PREFIX = "";
			};
			name = Debug;
		};
		0CC8F9351DBF1B7A00EB94CB /* Release */ = {
			isa = XCBuildConfiguration;
			buildSettings = {
				ALWAYS_SEARCH_USER_PATHS = NO;
				CLANG_ANALYZER_NONNULL = YES;
				CLANG_CXX_LANGUAGE_STANDARD = "gnu++0x";
				CLANG_CXX_LIBRARY = "libc++";
				CLANG_ENABLE_MODULES = YES;
				CLANG_ENABLE_OBJC_ARC = YES;
				CLANG_WARN_BOOL_CONVERSION = YES;
				CLANG_WARN_CONSTANT_CONVERSION = YES;
				CLANG_WARN_DIRECT_OBJC_ISA_USAGE = YES_ERROR;
				CLANG_WARN_DOCUMENTATION_COMMENTS = YES;
				CLANG_WARN_EMPTY_BODY = YES;
				CLANG_WARN_ENUM_CONVERSION = YES;
				CLANG_WARN_INFINITE_RECURSION = YES;
				CLANG_WARN_INT_CONVERSION = YES;
				CLANG_WARN_OBJC_ROOT_CLASS = YES_ERROR;
				CLANG_WARN_SUSPICIOUS_MOVES = YES;
				CLANG_WARN_UNREACHABLE_CODE = YES;
				CLANG_WARN__DUPLICATE_METHOD_MATCH = YES;
				"CODE_SIGN_IDENTITY[sdk=iphoneos*]" = "iPhone Developer";
				COPY_PHASE_STRIP = NO;
				CURRENT_PROJECT_VERSION = 1;
				DEBUG_INFORMATION_FORMAT = "dwarf-with-dsym";
				ENABLE_NS_ASSERTIONS = NO;
				ENABLE_STRICT_OBJC_MSGSEND = YES;
				GCC_C_LANGUAGE_STANDARD = gnu99;
				GCC_NO_COMMON_BLOCKS = YES;
				GCC_WARN_64_TO_32_BIT_CONVERSION = YES;
				GCC_WARN_ABOUT_RETURN_TYPE = YES_ERROR;
				GCC_WARN_UNDECLARED_SELECTOR = YES;
				GCC_WARN_UNINITIALIZED_AUTOS = YES_AGGRESSIVE;
				GCC_WARN_UNUSED_FUNCTION = YES;
				GCC_WARN_UNUSED_VARIABLE = YES;
				IPHONEOS_DEPLOYMENT_TARGET = 10.0;
				MTL_ENABLE_DEBUG_INFO = NO;
				SDKROOT = iphoneos;
				TARGETED_DEVICE_FAMILY = "1,2";
				VALIDATE_PRODUCT = YES;
				VERSIONING_SYSTEM = "apple-generic";
				VERSION_INFO_PREFIX = "";
			};
			name = Release;
		};
		0CC8F9371DBF1B7A00EB94CB /* Debug */ = {
			isa = XCBuildConfiguration;
			buildSettings = {
				CODE_SIGN_IDENTITY = "";
				DEFINES_MODULE = YES;
				DEVELOPMENT_TEAM = 327HWXZY58;
				DYLIB_COMPATIBILITY_VERSION = 1;
				DYLIB_CURRENT_VERSION = 1;
				DYLIB_INSTALL_NAME_BASE = "@rpath";
				INFOPLIST_FILE = DILog/Info.plist;
				INSTALL_PATH = "$(LOCAL_LIBRARY_DIR)/Frameworks";
				LD_RUNPATH_SEARCH_PATHS = "$(inherited) @executable_path/Frameworks @loader_path/Frameworks";
				PRODUCT_BUNDLE_IDENTIFIER = com.szyhf.DILog;
				PRODUCT_NAME = "$(TARGET_NAME)";
				SKIP_INSTALL = YES;
			};
			name = Debug;
		};
		0CC8F9381DBF1B7A00EB94CB /* Release */ = {
			isa = XCBuildConfiguration;
			buildSettings = {
				CODE_SIGN_IDENTITY = "";
				DEFINES_MODULE = YES;
				DEVELOPMENT_TEAM = 327HWXZY58;
				DYLIB_COMPATIBILITY_VERSION = 1;
				DYLIB_CURRENT_VERSION = 1;
				DYLIB_INSTALL_NAME_BASE = "@rpath";
				INFOPLIST_FILE = DILog/Info.plist;
				INSTALL_PATH = "$(LOCAL_LIBRARY_DIR)/Frameworks";
				LD_RUNPATH_SEARCH_PATHS = "$(inherited) @executable_path/Frameworks @loader_path/Frameworks";
				PRODUCT_BUNDLE_IDENTIFIER = com.szyhf.DILog;
				PRODUCT_NAME = "$(TARGET_NAME)";
				SKIP_INSTALL = YES;
			};
			name = Release;
		};
/* End XCBuildConfiguration section */

/* Begin XCConfigurationList section */
		0CC8F9281DBF1B7A00EB94CB /* Build configuration list for PBXProject "DILog" */ = {
			isa = XCConfigurationList;
			buildConfigurations = (
				0CC8F9341DBF1B7A00EB94CB /* Debug */,
				0CC8F9351DBF1B7A00EB94CB /* Release */,
			);
			defaultConfigurationIsVisible = 0;
			defaultConfigurationName = Release;
		};
		0CC8F9361DBF1B7A00EB94CB /* Build configuration list for PBXNativeTarget "DILog" */ = {
			isa = XCConfigurationList;
			buildConfigurations = (
				0CC8F9371DBF1B7A00EB94CB /* Debug */,
				0CC8F9381DBF1B7A00EB94CB /* Release */,
			);
			defaultConfigurationIsVisible = 0;
		};
/* End XCConfigurationList section */
	};
	rootObject = 0CC8F9251DBF1B7A00EB94CB /* Project object */;
}
